
Microsoft Visual Studio Solution File, Format Version 11.00
# Visual Studio 2010
Project("{FAE04EC0-301F-11D3-BF4B-00C04F79EFBC}") = "bundletest", "Assembly-CSharp-Editor.csproj", "{86B86DFB-97DC-043A-EF15-1664C3AFB560}"
EndProject
Project("{FAE04EC0-301F-11D3-BF4B-00C04F79EFBC}") = "bundletest", "Assembly-CSharp.csproj", "{F2A7A83C-3BA9-2355-9170-E793FE31751A}"
EndProject
Global
	GlobalSection(SolutionConfigurationPlatforms) = preSolution
		Debug|Any CPU = Debug|Any CPU
		Release|Any CPU = Release|Any CPU
	EndGlobalSection
	GlobalSection(ProjectConfigurationPlatforms) = postSolution
		{86B86DFB-97DC-043A-EF15-1664C3AFB560}.Debug|Any CPU.ActiveCfg = Debug|Any CPU
		{86B86DFB-97DC-043A-EF15-1664C3AFB560}.Debug|Any CPU.Build.0 = Debug|Any CPU
		{86B86DFB-97DC-043A-EF15-1664C3AFB560}.Release|Any CPU.ActiveCfg = Release|Any CPU
		{86B86DFB-97DC-043A-EF15-1664C3AFB560}.Release|Any CPU.Build.0 = Release|Any CPU
		{F2A7A83C-3BA9-2355-9170-E793FE31751A}.Debug|Any CPU.ActiveCfg = Debug|Any CPU
		{F2A7A83C-3BA9-2355-9170-E793FE31751A}.Debug|Any CPU.Build.0 = Debug|Any CPU
		{F2A7A83C-3BA9-2355-9170-E793FE31751A}.Release|Any CPU.ActiveCfg = Release|Any CPU
		{F2A7A83C-3BA9-2355-9170-E793FE31751A}.Release|Any CPU.Build.0 = Release|Any CPU
	EndGlobalSection
	GlobalSection(SolutionProperties) = preSolution
		HideSolutionNode = FALSE
	EndGlobalSection
	GlobalSection(MonoDevelopProperties) = preSolution
		StartupItem = Assembly-CSharp.csproj
	EndGlobalSection
EndGlobal
